
Microsoft Visual Studio Solution File, Format Version 12.00
# Visual Studio Version 17
VisualStudioVersion = 17.4.33213.308
MinimumVisualStudioVersion = 10.0.40219.1
Project("{8BC9CEB8-8B4A-11D0-8D11-00A0C91BC942}") = "Delegate", "Delegate\Delegate.vcxproj", "{E7244564-5555-480E-BD1E-5DD3283C1F93}"
	ProjectSection(ProjectDependencies) = postProject
		{8A7A8A6F-A90D-4044-8CDD-9EFAC74B0A50} = {8A7A8A6F-A90D-4044-8CDD-9EFAC74B0A50}
	EndProjectSection
EndProject
Project("{8BC9CEB8-8B4A-11D0-8D11-00A0C91BC942}") = "Dll_foo", "Dll_foo\Dll_foo.vcxproj", "{8A7A8A6F-A90D-4044-8CDD-9EFAC74B0A50}"
EndProject
Project("{2150E333-8FDC-42A3-9474-1A3956D46DE8}") = "Linux_old", "Linux_old", "{31836E9B-E53E-428D-8AE8-31A637D4DA26}"
	ProjectSection(SolutionItems) = preProject
		Linux_old\注意事项.txt = Linux_old\注意事项.txt
	EndProjectSection
EndProject
Project("{8BC9CEB8-8B4A-11D0-8D11-00A0C91BC942}") = "Dll_foo", "Linux_old\Dll_foo\Dll_foo.vcxproj", "{64C18E7C-4F90-40F2-9A94-53B6D61ED240}"
EndProject
Project("{8BC9CEB8-8B4A-11D0-8D11-00A0C91BC942}") = "Delegate", "Linux_old\Delegate\Delegate.vcxproj", "{4DB3BAAE-A4E7-444E-AE96-AAF10D2D08AB}"
EndProject
Global
	GlobalSection(SolutionConfigurationPlatforms) = preSolution
		Debug|ARM = Debug|ARM
		Debug|ARM64 = Debug|ARM64
		Debug|x64 = Debug|x64
		Debug|x86 = Debug|x86
		Release|ARM = Release|ARM
		Release|ARM64 = Release|ARM64
		Release|x64 = Release|x64
		Release|x86 = Release|x86
	EndGlobalSection
	GlobalSection(ProjectConfigurationPlatforms) = postSolution
		{E7244564-5555-480E-BD1E-5DD3283C1F93}.Debug|ARM.ActiveCfg = Debug|x64
		{E7244564-5555-480E-BD1E-5DD3283C1F93}.Debug|ARM.Build.0 = Debug|x64
		{E7244564-5555-480E-BD1E-5DD3283C1F93}.Debug|ARM64.ActiveCfg = Debug|x64
		{E7244564-5555-480E-BD1E-5DD3283C1F93}.Debug|ARM64.Build.0 = Debug|x64
		{E7244564-5555-480E-BD1E-5DD3283C1F93}.Debug|x64.ActiveCfg = Debug|x64
		{E7244564-5555-480E-BD1E-5DD3283C1F93}.Debug|x64.Build.0 = Debug|x64
		{E7244564-5555-480E-BD1E-5DD3283C1F93}.Debug|x86.ActiveCfg = Debug|Win32
		{E7244564-5555-480E-BD1E-5DD3283C1F93}.Debug|x86.Build.0 = Debug|Win32
		{E7244564-5555-480E-BD1E-5DD3283C1F93}.Release|ARM.ActiveCfg = Release|x64
		{E7244564-5555-480E-BD1E-5DD3283C1F93}.Release|ARM.Build.0 = Release|x64
		{E7244564-5555-480E-BD1E-5DD3283C1F93}.Release|ARM64.ActiveCfg = Release|x64
		{E7244564-5555-480E-BD1E-5DD3283C1F93}.Release|ARM64.Build.0 = Release|x64
		{E7244564-5555-480E-BD1E-5DD3283C1F93}.Release|x64.ActiveCfg = Release|x64
		{E7244564-5555-480E-BD1E-5DD3283C1F93}.Release|x64.Build.0 = Release|x64
		{E7244564-5555-480E-BD1E-5DD3283C1F93}.Release|x86.ActiveCfg = Release|Win32
		{E7244564-5555-480E-BD1E-5DD3283C1F93}.Release|x86.Build.0 = Release|Win32
		{8A7A8A6F-A90D-4044-8CDD-9EFAC74B0A50}.Debug|ARM.ActiveCfg = Debug|x64
		{8A7A8A6F-A90D-4044-8CDD-9EFAC74B0A50}.Debug|ARM.Build.0 = Debug|x64
		{8A7A8A6F-A90D-4044-8CDD-9EFAC74B0A50}.Debug|ARM64.ActiveCfg = Debug|x64
		{8A7A8A6F-A90D-4044-8CDD-9EFAC74B0A50}.Debug|ARM64.Build.0 = Debug|x64
		{8A7A8A6F-A90D-4044-8CDD-9EFAC74B0A50}.Debug|x64.ActiveCfg = Debug|x64
		{8A7A8A6F-A90D-4044-8CDD-9EFAC74B0A50}.Debug|x64.Build.0 = Debug|x64
		{8A7A8A6F-A90D-4044-8CDD-9EFAC74B0A50}.Debug|x86.ActiveCfg = Debug|Win32
		{8A7A8A6F-A90D-4044-8CDD-9EFAC74B0A50}.Debug|x86.Build.0 = Debug|Win32
		{8A7A8A6F-A90D-4044-8CDD-9EFAC74B0A50}.Release|ARM.ActiveCfg = Release|x64
		{8A7A8A6F-A90D-4044-8CDD-9EFAC74B0A50}.Release|ARM.Build.0 = Release|x64
		{8A7A8A6F-A90D-4044-8CDD-9EFAC74B0A50}.Release|ARM64.ActiveCfg = Release|x64
		{8A7A8A6F-A90D-4044-8CDD-9EFAC74B0A50}.Release|ARM64.Build.0 = Release|x64
		{8A7A8A6F-A90D-4044-8CDD-9EFAC74B0A50}.Release|x64.ActiveCfg = Release|x64
		{8A7A8A6F-A90D-4044-8CDD-9EFAC74B0A50}.Release|x64.Build.0 = Release|x64
		{8A7A8A6F-A90D-4044-8CDD-9EFAC74B0A50}.Release|x86.ActiveCfg = Release|Win32
		{8A7A8A6F-A90D-4044-8CDD-9EFAC74B0A50}.Release|x86.Build.0 = Release|Win32
		{64C18E7C-4F90-40F2-9A94-53B6D61ED240}.Debug|ARM.ActiveCfg = Debug|ARM
		{64C18E7C-4F90-40F2-9A94-53B6D61ED240}.Debug|ARM.Build.0 = Debug|ARM
		{64C18E7C-4F90-40F2-9A94-53B6D61ED240}.Debug|ARM.Deploy.0 = Debug|ARM
		{64C18E7C-4F90-40F2-9A94-53B6D61ED240}.Debug|ARM64.ActiveCfg = Debug|ARM64
		{64C18E7C-4F90-40F2-9A94-53B6D61ED240}.Debug|ARM64.Build.0 = Debug|ARM64
		{64C18E7C-4F90-40F2-9A94-53B6D61ED240}.Debug|ARM64.Deploy.0 = Debug|ARM64
		{64C18E7C-4F90-40F2-9A94-53B6D61ED240}.Debug|x64.ActiveCfg = Debug|x64
		{64C18E7C-4F90-40F2-9A94-53B6D61ED240}.Debug|x86.ActiveCfg = Debug|x86
		{64C18E7C-4F90-40F2-9A94-53B6D61ED240}.Debug|x86.Build.0 = Debug|x86
		{64C18E7C-4F90-40F2-9A94-53B6D61ED240}.Debug|x86.Deploy.0 = Debug|x86
		{64C18E7C-4F90-40F2-9A94-53B6D61ED240}.Release|ARM.ActiveCfg = Release|ARM
		{64C18E7C-4F90-40F2-9A94-53B6D61ED240}.Release|ARM.Build.0 = Release|ARM
		{64C18E7C-4F90-40F2-9A94-53B6D61ED240}.Release|ARM.Deploy.0 = Release|ARM
		{64C18E7C-4F90-40F2-9A94-53B6D61ED240}.Release|ARM64.ActiveCfg = Release|ARM64
		{64C18E7C-4F90-40F2-9A94-53B6D61ED240}.Release|ARM64.Build.0 = Release|ARM64
		{64C18E7C-4F90-40F2-9A94-53B6D61ED240}.Release|ARM64.Deploy.0 = Release|ARM64
		{64C18E7C-4F90-40F2-9A94-53B6D61ED240}.Release|x64.ActiveCfg = Release|x64
		{64C18E7C-4F90-40F2-9A94-53B6D61ED240}.Release|x64.Build.0 = Release|x64
		{64C18E7C-4F90-40F2-9A94-53B6D61ED240}.Release|x64.Deploy.0 = Release|x64
		{64C18E7C-4F90-40F2-9A94-53B6D61ED240}.Release|x86.ActiveCfg = Release|x86
		{64C18E7C-4F90-40F2-9A94-53B6D61ED240}.Release|x86.Build.0 = Release|x86
		{64C18E7C-4F90-40F2-9A94-53B6D61ED240}.Release|x86.Deploy.0 = Release|x86
		{4DB3BAAE-A4E7-444E-AE96-AAF10D2D08AB}.Debug|ARM.ActiveCfg = Debug|ARM
		{4DB3BAAE-A4E7-444E-AE96-AAF10D2D08AB}.Debug|ARM.Build.0 = Debug|ARM
		{4DB3BAAE-A4E7-444E-AE96-AAF10D2D08AB}.Debug|ARM.Deploy.0 = Debug|ARM
		{4DB3BAAE-A4E7-444E-AE96-AAF10D2D08AB}.Debug|ARM64.ActiveCfg = Debug|ARM64
		{4DB3BAAE-A4E7-444E-AE96-AAF10D2D08AB}.Debug|ARM64.Build.0 = Debug|ARM64
		{4DB3BAAE-A4E7-444E-AE96-AAF10D2D08AB}.Debug|ARM64.Deploy.0 = Debug|ARM64
		{4DB3BAAE-A4E7-444E-AE96-AAF10D2D08AB}.Debug|x64.ActiveCfg = Debug|x64
		{4DB3BAAE-A4E7-444E-AE96-AAF10D2D08AB}.Debug|x86.ActiveCfg = Debug|x86
		{4DB3BAAE-A4E7-444E-AE96-AAF10D2D08AB}.Debug|x86.Build.0 = Debug|x86
		{4DB3BAAE-A4E7-444E-AE96-AAF10D2D08AB}.Debug|x86.Deploy.0 = Debug|x86
		{4DB3BAAE-A4E7-444E-AE96-AAF10D2D08AB}.Release|ARM.ActiveCfg = Release|ARM
		{4DB3BAAE-A4E7-444E-AE96-AAF10D2D08AB}.Release|ARM.Build.0 = Release|ARM
		{4DB3BAAE-A4E7-444E-AE96-AAF10D2D08AB}.Release|ARM.Deploy.0 = Release|ARM
		{4DB3BAAE-A4E7-444E-AE96-AAF10D2D08AB}.Release|ARM64.ActiveCfg = Release|ARM64
		{4DB3BAAE-A4E7-444E-AE96-AAF10D2D08AB}.Release|ARM64.Build.0 = Release|ARM64
		{4DB3BAAE-A4E7-444E-AE96-AAF10D2D08AB}.Release|ARM64.Deploy.0 = Release|ARM64
		{4DB3BAAE-A4E7-444E-AE96-AAF10D2D08AB}.Release|x64.ActiveCfg = Release|x64
		{4DB3BAAE-A4E7-444E-AE96-AAF10D2D08AB}.Release|x64.Build.0 = Release|x64
		{4DB3BAAE-A4E7-444E-AE96-AAF10D2D08AB}.Release|x64.Deploy.0 = Release|x64
		{4DB3BAAE-A4E7-444E-AE96-AAF10D2D08AB}.Release|x86.ActiveCfg = Release|x86
		{4DB3BAAE-A4E7-444E-AE96-AAF10D2D08AB}.Release|x86.Build.0 = Release|x86
		{4DB3BAAE-A4E7-444E-AE96-AAF10D2D08AB}.Release|x86.Deploy.0 = Release|x86
	EndGlobalSection
	GlobalSection(SolutionProperties) = preSolution
		HideSolutionNode = FALSE
	EndGlobalSection
	GlobalSection(NestedProjects) = preSolution
		{64C18E7C-4F90-40F2-9A94-53B6D61ED240} = {31836E9B-E53E-428D-8AE8-31A637D4DA26}
		{4DB3BAAE-A4E7-444E-AE96-AAF10D2D08AB} = {31836E9B-E53E-428D-8AE8-31A637D4DA26}
	EndGlobalSection
	GlobalSection(ExtensibilityGlobals) = postSolution
		SolutionGuid = {E0198F19-7913-4A66-901E-43AB8255E246}
	EndGlobalSection
EndGlobal
